
Microsoft Visual Studio Solution File, Format Version 12.00
# Visual Studio Version 17
VisualStudioVersion = 17.0.31903.59
MinimumVisualStudioVersion = 10.0.40219.1
Project("{FAE04EC0-301F-11D3-BF4B-00C04F79EFBC}") = "MathService", "MathService\MathService.csproj", "{D8381245-54F5-466C-8136-7D56FADC2F4C}"
EndProject
Project("{FAE04EC0-301F-11D3-BF4B-00C04F79EFBC}") = "MathService.Tests", "MathService.Tests\MathService.Tests.csproj", "{4E35E430-1ACD-4930-B647-A8AE92B1C7C5}"
EndProject
Project("{FAE04EC0-301F-11D3-BF4B-00C04F79EFBC}") = "Web", "Web\Web.csproj", "{453F3544-0A93-440C-B3F7-BA0DF4C29F08}"
EndProject
Global
	GlobalSection(SolutionConfigurationPlatforms) = preSolution
		Debug|Any CPU = Debug|Any CPU
		Release|Any CPU = Release|Any CPU
	EndGlobalSection
	GlobalSection(SolutionProperties) = preSolution
		HideSolutionNode = FALSE
	EndGlobalSection
	GlobalSection(ProjectConfigurationPlatforms) = postSolution
		{D8381245-54F5-466C-8136-7D56FADC2F4C}.Debug|Any CPU.ActiveCfg = Debug|Any CPU
		{D8381245-54F5-466C-8136-7D56FADC2F4C}.Debug|Any CPU.Build.0 = Debug|Any CPU
		{D8381245-54F5-466C-8136-7D56FADC2F4C}.Release|Any CPU.ActiveCfg = Release|Any CPU
		{D8381245-54F5-466C-8136-7D56FADC2F4C}.Release|Any CPU.Build.0 = Release|Any CPU
		{4E35E430-1ACD-4930-B647-A8AE92B1C7C5}.Debug|Any CPU.ActiveCfg = Debug|Any CPU
		{4E35E430-1ACD-4930-B647-A8AE92B1C7C5}.Debug|Any CPU.Build.0 = Debug|Any CPU
		{4E35E430-1ACD-4930-B647-A8AE92B1C7C5}.Release|Any CPU.ActiveCfg = Release|Any CPU
		{4E35E430-1ACD-4930-B647-A8AE92B1C7C5}.Release|Any CPU.Build.0 = Release|Any CPU
		{453F3544-0A93-440C-B3F7-BA0DF4C29F08}.Debug|Any CPU.ActiveCfg = Debug|Any CPU
		{453F3544-0A93-440C-B3F7-BA0DF4C29F08}.Debug|Any CPU.Build.0 = Debug|Any CPU
		{453F3544-0A93-440C-B3F7-BA0DF4C29F08}.Release|Any CPU.ActiveCfg = Release|Any CPU
		{453F3544-0A93-440C-B3F7-BA0DF4C29F08}.Release|Any CPU.Build.0 = Release|Any CPU
	EndGlobalSection
EndGlobal
